
Microsoft Visual Studio Solution File, Format Version 12.00
# Visual Studio 15
VisualStudioVersion = 15.0.28307.572
MinimumVisualStudioVersion = 10.0.40219.1
Project("{FAE04EC0-301F-11D3-BF4B-00C04F79EFBC}") = "ConsoleApp1", "ConsoleApp1\ConsoleApp1.csproj", "{7AE79467-38EB-436D-A7FE-34F1F1EE6A03}"
EndProject
Global
	GlobalSection(SolutionConfigurationPlatforms) = preSolution
		Debug|Any CPU = Debug|Any CPU
		Release|Any CPU = Release|Any CPU
	EndGlobalSection
	GlobalSection(ProjectConfigurationPlatforms) = postSolution
		{7AE79467-38EB-436D-A7FE-34F1F1EE6A03}.Debug|Any CPU.ActiveCfg = Debug|Any CPU
		{7AE79467-38EB-436D-A7FE-34F1F1EE6A03}.Debug|Any CPU.Build.0 = Debug|Any CPU
		{7AE79467-38EB-436D-A7FE-34F1F1EE6A03}.Release|Any CPU.ActiveCfg = Release|Any CPU
		{7AE79467-38EB-436D-A7FE-34F1F1EE6A03}.Release|Any CPU.Build.0 = Release|Any CPU
	EndGlobalSection
	GlobalSection(SolutionProperties) = preSolution
		HideSolutionNode = FALSE
	EndGlobalSection
	GlobalSection(ExtensibilityGlobals) = postSolution
		SolutionGuid = {921B26FA-B4F1-45E1-A3BA-F09849B46124}
	EndGlobalSection
EndGlobal
